// !$*UTF8*$!
{
	archiveVersion = 1;
	classes = {
	};
	objectVersion = 56;
	objects = {

/* Begin PBXBuildFile section */
		146B86562919E6B1001E9762 /* AppDelegate.swift in Sources */ = {isa = PBXBuildFile; fileRef = 146B86552919E6B1001E9762 /* AppDelegate.swift */; };
		146B86582919E6B1001E9762 /* SceneDelegate.swift in Sources */ = {isa = PBXBuildFile; fileRef = 146B86572919E6B1001E9762 /* SceneDelegate.swift */; };
		146B865A2919E6B1001E9762 /* ViewController.swift in Sources */ = {isa = PBXBuildFile; fileRef = 146B86592919E6B1001E9762 /* ViewController.swift */; };
		146B865D2919E6B1001E9762 /* Main.storyboard in Resources */ = {isa = PBXBuildFile; fileRef = 146B865B2919E6B1001E9762 /* Main.storyboard */; };
		146B865F2919E6B2001E9762 /* Assets.xcassets in Resources */ = {isa = PBXBuildFile; fileRef = 146B865E2919E6B2001E9762 /* Assets.xcassets */; };
		146B86622919E6B2001E9762 /* LaunchScreen.storyboard in Resources */ = {isa = PBXBuildFile; fileRef = 146B86602919E6B2001E9762 /* LaunchScreen.storyboard */; };
		14E55823291CC701003FD741 /* BasicUIScrollViewController.swift in Sources */ = {isa = PBXBuildFile; fileRef = 14E55821291CC700003FD741 /* BasicUIScrollViewController.swift */; };
		14E55824291CC701003FD741 /* SimpleLayoutViewController.swift in Sources */ = {isa = PBXBuildFile; fileRef = 14E55822291CC700003FD741 /* SimpleLayoutViewController.swift */; };
		14E55826291CC732003FD741 /* TinyLayout.swift in Sources */ = {isa = PBXBuildFile; fileRef = 14E55825291CC732003FD741 /* TinyLayout.swift */; };
/* End PBXBuildFile section */

/* Begin PBXFileReference section */
		146B86522919E6B1001E9762 /* TinyLayout.app */ = {isa = PBXFileReference; explicitFileType = wrapper.application; includeInIndex = 0; path = TinyLayout.app; sourceTree = BUILT_PRODUCTS_DIR; };
		146B86552919E6B1001E9762 /* AppDelegate.swift */ = {isa = PBXFileReference; lastKnownFileType = sourcecode.swift; path = AppDelegate.swift; sourceTree = "<group>"; };
		146B86572919E6B1001E9762 /* SceneDelegate.swift */ = {isa = PBXFileReference; lastKnownFileType = sourcecode.swift; path = SceneDelegate.swift; sourceTree = "<group>"; };
		146B86592919E6B1001E9762 /* ViewController.swift */ = {isa = PBXFileReference; lastKnownFileType = sourcecode.swift; path = ViewController.swift; sourceTree = "<group>"; };
		146B865C2919E6B1001E9762 /* Base */ = {isa = PBXFileReference; lastKnownFileType = file.storyboard; name = Base; path = Base.lproj/Main.storyboard; sourceTree = "<group>"; };
		146B865E2919E6B2001E9762 /* Assets.xcassets */ = {isa = PBXFileReference; lastKnownFileType = folder.assetcatalog; path = Assets.xcassets; sourceTree = "<group>"; };
		146B86612919E6B2001E9762 /* Base */ = {isa = PBXFileReference; lastKnownFileType = file.storyboard; name = Base; path = Base.lproj/LaunchScreen.storyboard; sourceTree = "<group>"; };
		146B86632919E6B2001E9762 /* Info.plist */ = {isa = PBXFileReference; lastKnownFileType = text.plist.xml; path = Info.plist; sourceTree = "<group>"; };
		14E55821291CC700003FD741 /* BasicUIScrollViewController.swift */ = {isa = PBXFileReference; fileEncoding = 4; lastKnownFileType = sourcecode.swift; path = BasicUIScrollViewController.swift; sourceTree = "<group>"; };
		14E55822291CC700003FD741 /* SimpleLayoutViewController.swift */ = {isa = PBXFileReference; fileEncoding = 4; lastKnownFileType = sourcecode.swift; path = SimpleLayoutViewController.swift; sourceTree = "<group>"; };
		14E55825291CC732003FD741 /* TinyLayout.swift */ = {isa = PBXFileReference; fileEncoding = 4; lastKnownFileType = sourcecode.swift; path = TinyLayout.swift; sourceTree = "<group>"; };
/* End PBXFileReference section */

/* Begin PBXFrameworksBuildPhase section */
		146B864F2919E6B1001E9762 /* Frameworks */ = {
			isa = PBXFrameworksBuildPhase;
			buildActionMask = 2147483647;
			files = (
			);
			runOnlyForDeploymentPostprocessing = 0;
		};
/* End PBXFrameworksBuildPhase section */

/* Begin PBXGroup section */
		146B86492919E6B1001E9762 = {
			isa = PBXGroup;
			children = (
				146B86542919E6B1001E9762 /* TinyLayout */,
				146B86532919E6B1001E9762 /* Products */,
			);
			sourceTree = "<group>";
		};
		146B86532919E6B1001E9762 /* Products */ = {
			isa = PBXGroup;
			children = (
				146B86522919E6B1001E9762 /* TinyLayout.app */,
			);
			name = Products;
			sourceTree = "<group>";
		};
		146B86542919E6B1001E9762 /* TinyLayout */ = {
			isa = PBXGroup;
			children = (
				146B86632919E6B2001E9762 /* Info.plist */,
				14E55828291CC82D003FD741 /* Demo */,
				14E55827291CC822003FD741 /* Sources */,
			);
			path = TinyLayout;
			sourceTree = "<group>";
		};
		14E55827291CC822003FD741 /* Sources */ = {
			isa = PBXGroup;
			children = (
				14E55825291CC732003FD741 /* TinyLayout.swift */,
			);
			path = Sources;
			sourceTree = "<group>";
		};
		14E55828291CC82D003FD741 /* Demo */ = {
			isa = PBXGroup;
			children = (
				146B86602919E6B2001E9762 /* LaunchScreen.storyboard */,
				146B865E2919E6B2001E9762 /* Assets.xcassets */,
				146B865B2919E6B1001E9762 /* Main.storyboard */,
				146B86552919E6B1001E9762 /* AppDelegate.swift */,
				146B86572919E6B1001E9762 /* SceneDelegate.swift */,
				146B86592919E6B1001E9762 /* ViewController.swift */,
				14E55821291CC700003FD741 /* BasicUIScrollViewController.swift */,
				14E55822291CC700003FD741 /* SimpleLayoutViewController.swift */,
			);
			path = Demo;
			sourceTree = "<group>";
		};
/* End PBXGroup section */

/* Begin PBXNativeTarget section */
		146B86512919E6B1001E9762 /* TinyLayout */ = {
			isa = PBXNativeTarget;
			buildConfigurationList = 146B867C2919E6B2001E9762 /* Build configuration list for PBXNativeTarget "TinyLayout" */;
			buildPhases = (
				146B864E2919E6B1001E9762 /* Sources */,
				146B864F2919E6B1001E9762 /* Frameworks */,
				146B86502919E6B1001E9762 /* Resources */,
			);
			buildRules = (
			);
			dependencies = (
			);
			name = TinyLayout;
			productName = TinyLayout;
			productReference = 146B86522919E6B1001E9762 /* TinyLayout.app */;
			productType = "com.apple.product-type.application";
		};
/* End PBXNativeTarget section */

/* Begin PBXProject section */
		146B864A2919E6B1001E9762 /* Project object */ = {
			isa = PBXProject;
			attributes = {
				BuildIndependentTargetsInParallel = 1;
				LastSwiftUpdateCheck = 1400;
				LastUpgradeCheck = 1400;
				TargetAttributes = {
					146B86512919E6B1001E9762 = {
						CreatedOnToolsVersion = 14.0.1;
					};
				};
			};
			buildConfigurationList = 146B864D2919E6B1001E9762 /* Build configuration list for PBXProject "TinyLayout" */;
			compatibilityVersion = "Xcode 14.0";
			developmentRegion = en;
			hasScannedForEncodings = 0;
			knownRegions = (
				en,
				Base,
			);
			mainGroup = 146B86492919E6B1001E9762;
			productRefGroup = 146B86532919E6B1001E9762 /* Products */;
			projectDirPath = "";
			projectRoot = "";
			targets = (
				146B86512919E6B1001E9762 /* TinyLayout */,
			);
		};
/* End PBXProject section */

/* Begin PBXResourcesBuildPhase section */
		146B86502919E6B1001E9762 /* Resources */ = {
			isa = PBXResourcesBuildPhase;
			buildActionMask = 2147483647;
			files = (
				146B86622919E6B2001E9762 /* LaunchScreen.storyboard in Resources */,
				146B865F2919E6B2001E9762 /* Assets.xcassets in Resources */,
				146B865D2919E6B1001E9762 /* Main.storyboard in Resources */,
			);
			runOnlyForDeploymentPostprocessing = 0;
		};
/* End PBXResourcesBuildPhase section */

/* Begin PBXSourcesBuildPhase section */
		146B864E2919E6B1001E9762 /* Sources */ = {
			isa = PBXSourcesBuildPhase;
			buildActionMask = 2147483647;
			files = (
				146B865A2919E6B1001E9762 /* ViewController.swift in Sources */,
				14E55824291CC701003FD741 /* SimpleLayoutViewController.swift in Sources */,
				146B86562919E6B1001E9762 /* AppDelegate.swift in Sources */,
				14E55823291CC701003FD741 /* BasicUIScrollViewController.swift in Sources */,
				146B86582919E6B1001E9762 /* SceneDelegate.swift in Sources */,
				14E55826291CC732003FD741 /* TinyLayout.swift in Sources */,
			);
			runOnlyForDeploymentPostprocessing = 0;
		};
/* End PBXSourcesBuildPhase section */

/* Begin PBXVariantGroup section */
		146B865B2919E6B1001E9762 /* Main.storyboard */ = {
			isa = PBXVariantGroup;
			children = (
				146B865C2919E6B1001E9762 /* Base */,
			);
			name = Main.storyboard;
			sourceTree = "<group>";
		};
		146B86602919E6B2001E9762 /* LaunchScreen.storyboard */ = {
			isa = PBXVariantGroup;
			children = (
				146B86612919E6B2001E9762 /* Base */,
			);
			name = LaunchScreen.storyboard;
			sourceTree = "<group>";
		};
/* End PBXVariantGroup section */

/* Begin XCBuildConfiguration section */
		146B867A2919E6B2001E9762 /* Debug */ = {
			isa = XCBuildConfiguration;
			buildSettings = {
				ALWAYS_SEARCH_USER_PATHS = NO;
				CLANG_ANALYZER_NONNULL = YES;
				CLANG_ANALYZER_NUMBER_OBJECT_CONVERSION = YES_AGGRESSIVE;
				CLANG_CXX_LANGUAGE_STANDARD = "gnu++20";
				CLANG_ENABLE_MODULES = YES;
				CLANG_ENABLE_OBJC_ARC = YES;
				CLANG_ENABLE_OBJC_WEAK = YES;
				CLANG_WARN_BLOCK_CAPTURE_AUTORELEASING = YES;
				CLANG_WARN_BOOL_CONVERSION = YES;
				CLANG_WARN_COMMA = YES;
				CLANG_WARN_CONSTANT_CONVERSION = YES;
				CLANG_WARN_DEPRECATED_OBJC_IMPLEMENTATIONS = YES;
				CLANG_WARN_DIRECT_OBJC_ISA_USAGE = YES_ERROR;
				CLANG_WARN_DOCUMENTATION_COMMENTS = YES;
				CLANG_WARN_EMPTY_BODY = YES;
				CLANG_WARN_ENUM_CONVERSION = YES;
				CLANG_WARN_INFINITE_RECURSION = YES;
				CLANG_WARN_INT_CONVERSION = YES;
				CLANG_WARN_NON_LITERAL_NULL_CONVERSION = YES;
				CLANG_WARN_OBJC_IMPLICIT_RETAIN_SELF = YES;
				CLANG_WARN_OBJC_LITERAL_CONVERSION = YES;
				CLANG_WARN_OBJC_ROOT_CLASS = YES_ERROR;
				CLANG_WARN_QUOTED_INCLUDE_IN_FRAMEWORK_HEADER = YES;
				CLANG_WARN_RANGE_LOOP_ANALYSIS = YES;
				CLANG_WARN_STRICT_PROTOTYPES = YES;
				CLANG_WARN_SUSPICIOUS_MOVE = YES;
				CLANG_WARN_UNGUARDED_AVAILABILITY = YES_AGGRESSIVE;
				CLANG_WARN_UNREACHABLE_CODE = YES;
				CLANG_WARN__DUPLICATE_METHOD_MATCH = YES;
				COPY_PHASE_STRIP = NO;
				DEBUG_INFORMATION_FORMAT = dwarf;
				ENABLE_STRICT_OBJC_MSGSEND = YES;
				ENABLE_TESTABILITY = YES;
				GCC_C_LANGUAGE_STANDARD = gnu11;
				GCC_DYNAMIC_NO_PIC = NO;
				GCC_NO_COMMON_BLOCKS = YES;
				GCC_OPTIMIZATION_LEVEL = 0;
				GCC_PREPROCESSOR_DEFINITIONS = (
					"DEBUG=1",
					"$(inherited)",
				);
				GCC_WARN_64_TO_32_BIT_CONVERSION = YES;
				GCC_WARN_ABOUT_RETURN_TYPE = YES_ERROR;
				GCC_WARN_UNDECLARED_SELECTOR = YES;
				GCC_WARN_UNINITIALIZED_AUTOS = YES_AGGRESSIVE;
				GCC_WARN_UNUSED_FUNCTION = YES;
				GCC_WARN_UNUSED_VARIABLE = YES;
				IPHONEOS_DEPLOYMENT_TARGET = 16.0;
				MTL_ENABLE_DEBUG_INFO = INCLUDE_SOURCE;
				MTL_FAST_MATH = YES;
				ONLY_ACTIVE_ARCH = YES;
				SDKROOT = iphoneos;
				SWIFT_ACTIVE_COMPILATION_CONDITIONS = DEBUG;
				SWIFT_OPTIMIZATION_LEVEL = "-Onone";
			};
			name = Debug;
		};
		146B867B2919E6B2001E9762 /* Release */ = {
			isa = XCBuildConfiguration;
			buildSettings = {
				ALWAYS_SEARCH_USER_PATHS = NO;
				CLANG_ANALYZER_NONNULL = YES;
				CLANG_ANALYZER_NUMBER_OBJECT_CONVERSION = YES_AGGRESSIVE;
				CLANG_CXX_LANGUAGE_STANDARD = "gnu++20";
				CLANG_ENABLE_MODULES = YES;
				CLANG_ENABLE_OBJC_ARC = YES;
				CLANG_ENABLE_OBJC_WEAK = YES;
				CLANG_WARN_BLOCK_CAPTURE_AUTORELEASING = YES;
				CLANG_WARN_BOOL_CONVERSION = YES;
				CLANG_WARN_COMMA = YES;
				CLANG_WARN_CONSTANT_CONVERSION = YES;
				CLANG_WARN_DEPRECATED_OBJC_IMPLEMENTATIONS = YES;
				CLANG_WARN_DIRECT_OBJC_ISA_USAGE = YES_ERROR;
				CLANG_WARN_DOCUMENTATION_COMMENTS = YES;
				CLANG_WARN_EMPTY_BODY = YES;
				CLANG_WARN_ENUM_CONVERSION = YES;
				CLANG_WARN_INFINITE_RECURSION = YES;
				CLANG_WARN_INT_CONVERSION = YES;
				CLANG_WARN_NON_LITERAL_NULL_CONVERSION = YES;
				CLANG_WARN_OBJC_IMPLICIT_RETAIN_SELF = YES;
				CLANG_WARN_OBJC_LITERAL_CONVERSION = YES;
				CLANG_WARN_OBJC_ROOT_CLASS = YES_ERROR;
				CLANG_WARN_QUOTED_INCLUDE_IN_FRAMEWORK_HEADER = YES;
				CLANG_WARN_RANGE_LOOP_ANALYSIS = YES;
				CLANG_WARN_STRICT_PROTOTYPES = YES;
				CLANG_WARN_SUSPICIOUS_MOVE = YES;
				CLANG_WARN_UNGUARDED_AVAILABILITY = YES_AGGRESSIVE;
				CLANG_WARN_UNREACHABLE_CODE = YES;
				CLANG_WARN__DUPLICATE_METHOD_MATCH = YES;
				COPY_PHASE_STRIP = NO;
				DEBUG_INFORMATION_FORMAT = "dwarf-with-dsym";
				ENABLE_NS_ASSERTIONS = NO;
				ENABLE_STRICT_OBJC_MSGSEND = YES;
				GCC_C_LANGUAGE_STANDARD = gnu11;
				GCC_NO_COMMON_BLOCKS = YES;
				GCC_WARN_64_TO_32_BIT_CONVERSION = YES;
				GCC_WARN_ABOUT_RETURN_TYPE = YES_ERROR;
				GCC_WARN_UNDECLARED_SELECTOR = YES;
				GCC_WARN_UNINITIALIZED_AUTOS = YES_AGGRESSIVE;
				GCC_WARN_UNUSED_FUNCTION = YES;
				GCC_WARN_UNUSED_VARIABLE = YES;
				IPHONEOS_DEPLOYMENT_TARGET = 16.0;
				MTL_ENABLE_DEBUG_INFO = NO;
				MTL_FAST_MATH = YES;
				SDKROOT = iphoneos;
				SWIFT_COMPILATION_MODE = wholemodule;
				SWIFT_OPTIMIZATION_LEVEL = "-O";
				VALIDATE_PRODUCT = YES;
			};
			name = Release;
		};
		146B867D2919E6B2001E9762 /* Debug */ = {
			isa = XCBuildConfiguration;
			buildSettings = {
				ASSETCATALOG_COMPILER_APPICON_NAME = AppIcon;
				ASSETCATALOG_COMPILER_GLOBAL_ACCENT_COLOR_NAME = AccentColor;
				CODE_SIGN_STYLE = Automatic;
				CURRENT_PROJECT_VERSION = 1;
				DEVELOPMENT_TEAM = 4LBTDVZBKJ;
				GENERATE_INFOPLIST_FILE = YES;
				INFOPLIST_FILE = TinyLayout/Info.plist;
				INFOPLIST_KEY_UIApplicationSupportsIndirectInputEvents = YES;
				INFOPLIST_KEY_UILaunchStoryboardName = LaunchScreen;
				INFOPLIST_KEY_UIMainStoryboardFile = Main;
				INFOPLIST_KEY_UISupportedInterfaceOrientations_iPad = "UIInterfaceOrientationPortrait UIInterfaceOrientationPortraitUpsideDown UIInterfaceOrientationLandscapeLeft UIInterfaceOrientationLandscapeRight";
				INFOPLIST_KEY_UISupportedInterfaceOrientations_iPhone = "UIInterfaceOrientationPortrait UIInterfaceOrientationLandscapeLeft UIInterfaceOrientationLandscapeRight";
				LD_RUNPATH_SEARCH_PATHS = (
					"$(inherited)",
					"@executable_path/Frameworks",
				);
				MARKETING_VERSION = 1.0;
				PRODUCT_BUNDLE_IDENTIFIER = lls.TinyLayout;
				PRODUCT_NAME = "$(TARGET_NAME)";
				SWIFT_EMIT_LOC_STRINGS = YES;
				SWIFT_VERSION = 5.0;
				TARGETED_DEVICE_FAMILY = "1,2";
			};
			name = Debug;
		};
		146B867E2919E6B2001E9762 /* Release */ = {
			isa = XCBuildConfiguration;
			buildSettings = {
				ASSETCATALOG_COMPILER_APPICON_NAME = AppIcon;
				ASSETCATALOG_COMPILER_GLOBAL_ACCENT_COLOR_NAME = AccentColor;
				CODE_SIGN_STYLE = Automatic;
				CURRENT_PROJECT_VERSION = 1;
				DEVELOPMENT_TEAM = 4LBTDVZBKJ;
				GENERATE_INFOPLIST_FILE = YES;
				INFOPLIST_FILE = TinyLayout/Info.plist;
				INFOPLIST_KEY_UIApplicationSupportsIndirectInputEvents = YES;
				INFOPLIST_KEY_UILaunchStoryboardName = LaunchScreen;
				INFOPLIST_KEY_UIMainStoryboardFile = Main;
				INFOPLIST_KEY_UISupportedInterfaceOrientations_iPad = "UIInterfaceOrientationPortrait UIInterfaceOrientationPortraitUpsideDown UIInterfaceOrientationLandscapeLeft UIInterfaceOrientationLandscapeRight";
				INFOPLIST_KEY_UISupportedInterfaceOrientations_iPhone = "UIInterfaceOrientationPortrait UIInterfaceOrientationLandscapeLeft UIInterfaceOrientationLandscapeRight";
				LD_RUNPATH_SEARCH_PATHS = (
					"$(inherited)",
					"@executable_path/Frameworks",
				);
				MARKETING_VERSION = 1.0;
				PRODUCT_BUNDLE_IDENTIFIER = lls.TinyLayout;
				PRODUCT_NAME = "$(TARGET_NAME)";
				SWIFT_EMIT_LOC_STRINGS = YES;
				SWIFT_VERSION = 5.0;
				TARGETED_DEVICE_FAMILY = "1,2";
			};
			name = Release;
		};
/* End XCBuildConfiguration section */

/* Begin XCConfigurationList section */
		146B864D2919E6B1001E9762 /* Build configuration list for PBXProject "TinyLayout" */ = {
			isa = XCConfigurationList;
			buildConfigurations = (
				146B867A2919E6B2001E9762 /* Debug */,
				146B867B2919E6B2001E9762 /* Release */,
			);
			defaultConfigurationIsVisible = 0;
			defaultConfigurationName = Release;
		};
		146B867C2919E6B2001E9762 /* Build configuration list for PBXNativeTarget "TinyLayout" */ = {
			isa = XCConfigurationList;
			buildConfigurations = (
				146B867D2919E6B2001E9762 /* Debug */,
				146B867E2919E6B2001E9762 /* Release */,
			);
			defaultConfigurationIsVisible = 0;
			defaultConfigurationName = Release;
		};
/* End XCConfigurationList section */
	};
	rootObject = 146B864A2919E6B1001E9762 /* Project object */;
}
